// !$*UTF8*$!
{
	archiveVersion = 1;
	classes = {
	};
	objectVersion = 56;
	objects = {

/* Begin PBXBuildFile section */
		CE1383CF2D2E6751007B475E /* OfflineFilesApp.swift in Sources */ = {isa = PBXBuildFile; fileRef = CE1383CE2D2E6751007B475E /* OfflineFilesApp.swift */; };
		CE1383D12D2E6751007B475E /* OfflineFileView.swift in Sources */ = {isa = PBXBuildFile; fileRef = CE1383D02D2E6751007B475E /* OfflineFileView.swift */; };
		CE1383D32D2E6751007B475E /* Assets.xcassets in Resources */ = {isa = PBXBuildFile; fileRef = CE1383D22D2E6751007B475E /* Assets.xcassets */; };
		CE1383D62D2E6751007B475E /* Preview Assets.xcassets in Resources */ = {isa = PBXBuildFile; fileRef = CE1383D52D2E6751007B475E /* Preview Assets.xcassets */; };
		CE1DD7562D3542F0006B864A /* FilesView.swift in Sources */ = {isa = PBXBuildFile; fileRef = CE1DD7552D3542F0006B864A /* FilesView.swift */; };
		CE1DD75E2D365E44006B864A /* FilesViewModel.swift in Sources */ = {isa = PBXBuildFile; fileRef = CE1DD75D2D365E44006B864A /* FilesViewModel.swift */; };
		CE1DD7612D36766E006B864A /* MenuRow.swift in Sources */ = {isa = PBXBuildFile; fileRef = CE1DD7602D36766E006B864A /* MenuRow.swift */; };
		CE1DD7632D3677B6006B864A /* SectionElementButton.swift in Sources */ = {isa = PBXBuildFile; fileRef = CE1DD7622D3677B6006B864A /* SectionElementButton.swift */; };
		CE1DD7652D369B54006B864A /* MenuView.swift in Sources */ = {isa = PBXBuildFile; fileRef = CE1DD7642D369B54006B864A /* MenuView.swift */; };
		CE1DD7672D36A2F5006B864A /* UserDefaultsExtension.swift in Sources */ = {isa = PBXBuildFile; fileRef = CE1DD7662D36A2F5006B864A /* UserDefaultsExtension.swift */; };
		CE1DD7692D36AC45006B864A /* CustomListView.swift in Sources */ = {isa = PBXBuildFile; fileRef = CE1DD7682D36AC45006B864A /* CustomListView.swift */; };
		CE1DD76D2D36C693006B864A /* DocumentPreview.swift in Sources */ = {isa = PBXBuildFile; fileRef = CE1DD76C2D36C693006B864A /* DocumentPreview.swift */; };
		CE1DD76F2D36CA56006B864A /* StringConstant.swift in Sources */ = {isa = PBXBuildFile; fileRef = CE1DD76E2D36CA56006B864A /* StringConstant.swift */; };
		CE1DD7712D36CB9C006B864A /* ImagePreview.swift in Sources */ = {isa = PBXBuildFile; fileRef = CE1DD7702D36CB9C006B864A /* ImagePreview.swift */; };
		CE90E4662D3411C9006E4CAF /* ColorExtension.swift in Sources */ = {isa = PBXBuildFile; fileRef = CE90E4652D3411C9006E4CAF /* ColorExtension.swift */; };
		CE90E4682D3415EF006E4CAF /* ViewExtension.swift in Sources */ = {isa = PBXBuildFile; fileRef = CE90E4672D3415EF006E4CAF /* ViewExtension.swift */; };
		CE90E46F2D34367C006E4CAF /* EnumConstant.swift in Sources */ = {isa = PBXBuildFile; fileRef = CE90E46E2D34367C006E4CAF /* EnumConstant.swift */; };
		CEAAA24C2D37943C007034BD /* ContentView.swift in Sources */ = {isa = PBXBuildFile; fileRef = CEAAA24B2D37943C007034BD /* ContentView.swift */; };
		CEC21A422D2F9AE900C17C54 /* CoreDataModel.xcdatamodeld in Sources */ = {isa = PBXBuildFile; fileRef = CEC21A402D2F9AE900C17C54 /* CoreDataModel.xcdatamodeld */; };
		CEC21A442D2F9CC200C17C54 /* CoreDataManager.swift in Sources */ = {isa = PBXBuildFile; fileRef = CEC21A432D2F9CC200C17C54 /* CoreDataManager.swift */; };
		CEC21A482D2F9F6D00C17C54 /* OfflineFileViewModel.swift in Sources */ = {isa = PBXBuildFile; fileRef = CEC21A472D2F9F6D00C17C54 /* OfflineFileViewModel.swift */; };
		CEC21A4C2D302D5F00C17C54 /* FolderView.swift in Sources */ = {isa = PBXBuildFile; fileRef = CEC21A4B2D302D5F00C17C54 /* FolderView.swift */; };
		CEC21A4E2D303A3100C17C54 /* AddFolderView.swift in Sources */ = {isa = PBXBuildFile; fileRef = CEC21A4D2D303A3100C17C54 /* AddFolderView.swift */; };
/* End PBXBuildFile section */

/* Begin PBXFileReference section */
		CE1383CB2D2E6751007B475E /* OfflineFiles.app */ = {isa = PBXFileReference; explicitFileType = wrapper.application; includeInIndex = 0; path = OfflineFiles.app; sourceTree = BUILT_PRODUCTS_DIR; };
		CE1383CE2D2E6751007B475E /* OfflineFilesApp.swift */ = {isa = PBXFileReference; lastKnownFileType = sourcecode.swift; path = OfflineFilesApp.swift; sourceTree = "<group>"; };
		CE1383D02D2E6751007B475E /* OfflineFileView.swift */ = {isa = PBXFileReference; lastKnownFileType = sourcecode.swift; path = OfflineFileView.swift; sourceTree = "<group>"; };
		CE1383D22D2E6751007B475E /* Assets.xcassets */ = {isa = PBXFileReference; lastKnownFileType = folder.assetcatalog; path = Assets.xcassets; sourceTree = "<group>"; };
		CE1383D52D2E6751007B475E /* Preview Assets.xcassets */ = {isa = PBXFileReference; lastKnownFileType = folder.assetcatalog; path = "Preview Assets.xcassets"; sourceTree = "<group>"; };
		CE1DD7552D3542F0006B864A /* FilesView.swift */ = {isa = PBXFileReference; lastKnownFileType = sourcecode.swift; path = FilesView.swift; sourceTree = "<group>"; };
		CE1DD75D2D365E44006B864A /* FilesViewModel.swift */ = {isa = PBXFileReference; lastKnownFileType = sourcecode.swift; path = FilesViewModel.swift; sourceTree = "<group>"; };
		CE1DD7602D36766E006B864A /* MenuRow.swift */ = {isa = PBXFileReference; lastKnownFileType = sourcecode.swift; path = MenuRow.swift; sourceTree = "<group>"; };
		CE1DD7622D3677B6006B864A /* SectionElementButton.swift */ = {isa = PBXFileReference; lastKnownFileType = sourcecode.swift; path = SectionElementButton.swift; sourceTree = "<group>"; };
		CE1DD7642D369B54006B864A /* MenuView.swift */ = {isa = PBXFileReference; lastKnownFileType = sourcecode.swift; path = MenuView.swift; sourceTree = "<group>"; };
		CE1DD7662D36A2F5006B864A /* UserDefaultsExtension.swift */ = {isa = PBXFileReference; lastKnownFileType = sourcecode.swift; path = UserDefaultsExtension.swift; sourceTree = "<group>"; };
		CE1DD7682D36AC45006B864A /* CustomListView.swift */ = {isa = PBXFileReference; lastKnownFileType = sourcecode.swift; path = CustomListView.swift; sourceTree = "<group>"; };
		CE1DD76C2D36C693006B864A /* DocumentPreview.swift */ = {isa = PBXFileReference; lastKnownFileType = sourcecode.swift; path = DocumentPreview.swift; sourceTree = "<group>"; };
		CE1DD76E2D36CA56006B864A /* StringConstant.swift */ = {isa = PBXFileReference; lastKnownFileType = sourcecode.swift; path = StringConstant.swift; sourceTree = "<group>"; };
		CE1DD7702D36CB9C006B864A /* ImagePreview.swift */ = {isa = PBXFileReference; lastKnownFileType = sourcecode.swift; path = ImagePreview.swift; sourceTree = "<group>"; };
		CE90E4652D3411C9006E4CAF /* ColorExtension.swift */ = {isa = PBXFileReference; lastKnownFileType = sourcecode.swift; path = ColorExtension.swift; sourceTree = "<group>"; };
		CE90E4672D3415EF006E4CAF /* ViewExtension.swift */ = {isa = PBXFileReference; lastKnownFileType = sourcecode.swift; path = ViewExtension.swift; sourceTree = "<group>"; };
		CE90E46E2D34367C006E4CAF /* EnumConstant.swift */ = {isa = PBXFileReference; lastKnownFileType = sourcecode.swift; path = EnumConstant.swift; sourceTree = "<group>"; };
		CEAAA24B2D37943C007034BD /* ContentView.swift */ = {isa = PBXFileReference; lastKnownFileType = sourcecode.swift; path = ContentView.swift; sourceTree = "<group>"; };
		CEC21A412D2F9AE900C17C54 /* CoreDataModel.xcdatamodel */ = {isa = PBXFileReference; lastKnownFileType = wrapper.xcdatamodel; path = CoreDataModel.xcdatamodel; sourceTree = "<group>"; };
		CEC21A432D2F9CC200C17C54 /* CoreDataManager.swift */ = {isa = PBXFileReference; lastKnownFileType = sourcecode.swift; path = CoreDataManager.swift; sourceTree = "<group>"; };
		CEC21A472D2F9F6D00C17C54 /* OfflineFileViewModel.swift */ = {isa = PBXFileReference; lastKnownFileType = sourcecode.swift; path = OfflineFileViewModel.swift; sourceTree = "<group>"; };
		CEC21A4B2D302D5F00C17C54 /* FolderView.swift */ = {isa = PBXFileReference; lastKnownFileType = sourcecode.swift; path = FolderView.swift; sourceTree = "<group>"; };
		CEC21A4D2D303A3100C17C54 /* AddFolderView.swift */ = {isa = PBXFileReference; lastKnownFileType = sourcecode.swift; path = AddFolderView.swift; sourceTree = "<group>"; };
/* End PBXFileReference section */

/* Begin PBXFrameworksBuildPhase section */
		CE1383C82D2E6751007B475E /* Frameworks */ = {
			isa = PBXFrameworksBuildPhase;
			buildActionMask = 2147483647;
			files = (
			);
			runOnlyForDeploymentPostprocessing = 0;
		};
/* End PBXFrameworksBuildPhase section */

/* Begin PBXGroup section */
		CE1383C22D2E6751007B475E = {
			isa = PBXGroup;
			children = (
				CE1383CD2D2E6751007B475E /* OfflineFiles */,
				CE1383CC2D2E6751007B475E /* Products */,
			);
			sourceTree = "<group>";
		};
		CE1383CC2D2E6751007B475E /* Products */ = {
			isa = PBXGroup;
			children = (
				CE1383CB2D2E6751007B475E /* OfflineFiles.app */,
			);
			name = Products;
			sourceTree = "<group>";
		};
		CE1383CD2D2E6751007B475E /* OfflineFiles */ = {
			isa = PBXGroup;
			children = (
				CEC21A492D302CC100C17C54 /* Utility */,
				CEC21A452D2F9F2900C17C54 /* Screens */,
				CEC21A3F2D2F99F100C17C54 /* Manager */,
				CE1383CE2D2E6751007B475E /* OfflineFilesApp.swift */,
				CE1383D22D2E6751007B475E /* Assets.xcassets */,
				CE1383D42D2E6751007B475E /* Preview Content */,
				CEC21A402D2F9AE900C17C54 /* CoreDataModel.xcdatamodeld */,
			);
			path = OfflineFiles;
			sourceTree = "<group>";
		};
		CE1383D42D2E6751007B475E /* Preview Content */ = {
			isa = PBXGroup;
			children = (
				CE1383D52D2E6751007B475E /* Preview Assets.xcassets */,
			);
			path = "Preview Content";
			sourceTree = "<group>";
		};
		CE1DD75F2D36765F006B864A /* Model */ = {
			isa = PBXGroup;
			children = (
				CE1DD7602D36766E006B864A /* MenuRow.swift */,
			);
			path = Model;
			sourceTree = "<group>";
		};
		CE90E4642D341156006E4CAF /* Extensions */ = {
			isa = PBXGroup;
			children = (
				CE90E4652D3411C9006E4CAF /* ColorExtension.swift */,
				CE90E4672D3415EF006E4CAF /* ViewExtension.swift */,
				CE1DD7662D36A2F5006B864A /* UserDefaultsExtension.swift */,
			);
			path = Extensions;
			sourceTree = "<group>";
		};
		CE90E4692D3434D6006E4CAF /* View */ = {
			isa = PBXGroup;
			children = (
				CE1383D02D2E6751007B475E /* OfflineFileView.swift */,
			);
			path = View;
			sourceTree = "<group>";
		};
		CE90E46A2D3434E1006E4CAF /* ViewModel */ = {
			isa = PBXGroup;
			children = (
				CEC21A472D2F9F6D00C17C54 /* OfflineFileViewModel.swift */,
			);
			path = ViewModel;
			sourceTree = "<group>";
		};
		CE90E46C2D343501006E4CAF /* FilesView */ = {
			isa = PBXGroup;
			children = (
				CEAAA24E2D3796D6007034BD /* ViewModel */,
				CEAAA24D2D3796CA007034BD /* View */,
			);
			path = FilesView;
			sourceTree = "<group>";
		};
		CE90E46D2D343662006E4CAF /* Constant */ = {
			isa = PBXGroup;
			children = (
				CE90E46E2D34367C006E4CAF /* EnumConstant.swift */,
				CE1DD76E2D36CA56006B864A /* StringConstant.swift */,
			);
			path = Constant;
			sourceTree = "<group>";
		};
		CEAAA24D2D3796CA007034BD /* View */ = {
			isa = PBXGroup;
			children = (
				CE1DD7552D3542F0006B864A /* FilesView.swift */,
			);
			path = View;
			sourceTree = "<group>";
		};
		CEAAA24E2D3796D6007034BD /* ViewModel */ = {
			isa = PBXGroup;
			children = (
				CE1DD75D2D365E44006B864A /* FilesViewModel.swift */,
			);
			path = ViewModel;
			sourceTree = "<group>";
		};
		CEC21A3F2D2F99F100C17C54 /* Manager */ = {
			isa = PBXGroup;
			children = (
				CEC21A432D2F9CC200C17C54 /* CoreDataManager.swift */,
			);
			path = Manager;
			sourceTree = "<group>";
		};
		CEC21A452D2F9F2900C17C54 /* Screens */ = {
			isa = PBXGroup;
			children = (
				CE90E46C2D343501006E4CAF /* FilesView */,
				CEC21A462D2F9F3800C17C54 /* OfflineFileView */,
			);
			path = Screens;
			sourceTree = "<group>";
		};
		CEC21A462D2F9F3800C17C54 /* OfflineFileView */ = {
			isa = PBXGroup;
			children = (
				CE1DD75F2D36765F006B864A /* Model */,
				CE90E46A2D3434E1006E4CAF /* ViewModel */,
				CE90E4692D3434D6006E4CAF /* View */,
			);
			path = OfflineFileView;
			sourceTree = "<group>";
		};
		CEC21A492D302CC100C17C54 /* Utility */ = {
			isa = PBXGroup;
			children = (
				CE90E46D2D343662006E4CAF /* Constant */,
				CE90E4642D341156006E4CAF /* Extensions */,
				CEC21A4A2D302D4700C17C54 /* Views */,
			);
			path = Utility;
			sourceTree = "<group>";
		};
		CEC21A4A2D302D4700C17C54 /* Views */ = {
			isa = PBXGroup;
			children = (
				CEC21A4B2D302D5F00C17C54 /* FolderView.swift */,
				CEC21A4D2D303A3100C17C54 /* AddFolderView.swift */,
				CE1DD7622D3677B6006B864A /* SectionElementButton.swift */,
				CE1DD7642D369B54006B864A /* MenuView.swift */,
				CE1DD7682D36AC45006B864A /* CustomListView.swift */,
				CE1DD76C2D36C693006B864A /* DocumentPreview.swift */,
				CE1DD7702D36CB9C006B864A /* ImagePreview.swift */,
				CEAAA24B2D37943C007034BD /* ContentView.swift */,
			);
			path = Views;
			sourceTree = "<group>";
		};
/* End PBXGroup section */

/* Begin PBXNativeTarget section */
		CE1383CA2D2E6751007B475E /* OfflineFiles */ = {
			isa = PBXNativeTarget;
			buildConfigurationList = CE1383D92D2E6751007B475E /* Build configuration list for PBXNativeTarget "OfflineFiles" */;
			buildPhases = (
				CE1383C72D2E6751007B475E /* Sources */,
				CE1383C82D2E6751007B475E /* Frameworks */,
				CE1383C92D2E6751007B475E /* Resources */,
			);
			buildRules = (
			);
			dependencies = (
			);
			name = OfflineFiles;
			productName = OfflineFiles;
			productReference = CE1383CB2D2E6751007B475E /* OfflineFiles.app */;
			productType = "com.apple.product-type.application";
		};
/* End PBXNativeTarget section */

/* Begin PBXProject section */
		CE1383C32D2E6751007B475E /* Project object */ = {
			isa = PBXProject;
			attributes = {
				BuildIndependentTargetsInParallel = 1;
				LastSwiftUpdateCheck = 1540;
				LastUpgradeCheck = 1540;
				TargetAttributes = {
					CE1383CA2D2E6751007B475E = {
						CreatedOnToolsVersion = 15.4;
					};
				};
			};
			buildConfigurationList = CE1383C62D2E6751007B475E /* Build configuration list for PBXProject "OfflineFiles" */;
			compatibilityVersion = "Xcode 14.0";
			developmentRegion = en;
			hasScannedForEncodings = 0;
			knownRegions = (
				en,
				Base,
			);
			mainGroup = CE1383C22D2E6751007B475E;
			productRefGroup = CE1383CC2D2E6751007B475E /* Products */;
			projectDirPath = "";
			projectRoot = "";
			targets = (
				CE1383CA2D2E6751007B475E /* OfflineFiles */,
			);
		};
/* End PBXProject section */

/* Begin PBXResourcesBuildPhase section */
		CE1383C92D2E6751007B475E /* Resources */ = {
			isa = PBXResourcesBuildPhase;
			buildActionMask = 2147483647;
			files = (
				CE1383D62D2E6751007B475E /* Preview Assets.xcassets in Resources */,
				CE1383D32D2E6751007B475E /* Assets.xcassets in Resources */,
			);
			runOnlyForDeploymentPostprocessing = 0;
		};
/* End PBXResourcesBuildPhase section */

/* Begin PBXSourcesBuildPhase section */
		CE1383C72D2E6751007B475E /* Sources */ = {
			isa = PBXSourcesBuildPhase;
			buildActionMask = 2147483647;
			files = (
				CE90E4682D3415EF006E4CAF /* ViewExtension.swift in Sources */,
				CE1DD7632D3677B6006B864A /* SectionElementButton.swift in Sources */,
				CEAAA24C2D37943C007034BD /* ContentView.swift in Sources */,
				CE1DD76D2D36C693006B864A /* DocumentPreview.swift in Sources */,
				CE1383D12D2E6751007B475E /* OfflineFileView.swift in Sources */,
				CE1DD7672D36A2F5006B864A /* UserDefaultsExtension.swift in Sources */,
				CE1DD76F2D36CA56006B864A /* StringConstant.swift in Sources */,
				CEC21A4E2D303A3100C17C54 /* AddFolderView.swift in Sources */,
				CE1DD7612D36766E006B864A /* MenuRow.swift in Sources */,
				CEC21A482D2F9F6D00C17C54 /* OfflineFileViewModel.swift in Sources */,
				CE1DD7692D36AC45006B864A /* CustomListView.swift in Sources */,
				CE90E4662D3411C9006E4CAF /* ColorExtension.swift in Sources */,
				CEC21A4C2D302D5F00C17C54 /* FolderView.swift in Sources */,
				CE1383CF2D2E6751007B475E /* OfflineFilesApp.swift in Sources */,
				CE1DD75E2D365E44006B864A /* FilesViewModel.swift in Sources */,
				CE1DD7712D36CB9C006B864A /* ImagePreview.swift in Sources */,
				CEC21A442D2F9CC200C17C54 /* CoreDataManager.swift in Sources */,
				CE1DD7652D369B54006B864A /* MenuView.swift in Sources */,
				CE90E46F2D34367C006E4CAF /* EnumConstant.swift in Sources */,
				CE1DD7562D3542F0006B864A /* FilesView.swift in Sources */,
				CEC21A422D2F9AE900C17C54 /* CoreDataModel.xcdatamodeld in Sources */,
			);
			runOnlyForDeploymentPostprocessing = 0;
		};
/* End PBXSourcesBuildPhase section */

/* Begin XCBuildConfiguration section */
		CE1383D72D2E6751007B475E /* Debug */ = {
			isa = XCBuildConfiguration;
			buildSettings = {
				ALWAYS_SEARCH_USER_PATHS = NO;
				ASSETCATALOG_COMPILER_GENERATE_SWIFT_ASSET_SYMBOL_EXTENSIONS = YES;
				CLANG_ANALYZER_NONNULL = YES;
				CLANG_ANALYZER_NUMBER_OBJECT_CONVERSION = YES_AGGRESSIVE;
				CLANG_CXX_LANGUAGE_STANDARD = "gnu++20";
				CLANG_ENABLE_MODULES = YES;
				CLANG_ENABLE_OBJC_ARC = YES;
				CLANG_ENABLE_OBJC_WEAK = YES;
				CLANG_WARN_BLOCK_CAPTURE_AUTORELEASING = YES;
				CLANG_WARN_BOOL_CONVERSION = YES;
				CLANG_WARN_COMMA = YES;
				CLANG_WARN_CONSTANT_CONVERSION = YES;
				CLANG_WARN_DEPRECATED_OBJC_IMPLEMENTATIONS = YES;
				CLANG_WARN_DIRECT_OBJC_ISA_USAGE = YES_ERROR;
				CLANG_WARN_DOCUMENTATION_COMMENTS = YES;
				CLANG_WARN_EMPTY_BODY = YES;
				CLANG_WARN_ENUM_CONVERSION = YES;
				CLANG_WARN_INFINITE_RECURSION = YES;
				CLANG_WARN_INT_CONVERSION = YES;
				CLANG_WARN_NON_LITERAL_NULL_CONVERSION = YES;
				CLANG_WARN_OBJC_IMPLICIT_RETAIN_SELF = YES;
				CLANG_WARN_OBJC_LITERAL_CONVERSION = YES;
				CLANG_WARN_OBJC_ROOT_CLASS = YES_ERROR;
				CLANG_WARN_QUOTED_INCLUDE_IN_FRAMEWORK_HEADER = YES;
				CLANG_WARN_RANGE_LOOP_ANALYSIS = YES;
				CLANG_WARN_STRICT_PROTOTYPES = YES;
				CLANG_WARN_SUSPICIOUS_MOVE = YES;
				CLANG_WARN_UNGUARDED_AVAILABILITY = YES_AGGRESSIVE;
				CLANG_WARN_UNREACHABLE_CODE = YES;
				CLANG_WARN__DUPLICATE_METHOD_MATCH = YES;
				COPY_PHASE_STRIP = NO;
				DEBUG_INFORMATION_FORMAT = dwarf;
				ENABLE_STRICT_OBJC_MSGSEND = YES;
				ENABLE_TESTABILITY = YES;
				ENABLE_USER_SCRIPT_SANDBOXING = YES;
				GCC_C_LANGUAGE_STANDARD = gnu17;
				GCC_DYNAMIC_NO_PIC = NO;
				GCC_NO_COMMON_BLOCKS = YES;
				GCC_OPTIMIZATION_LEVEL = 0;
				GCC_PREPROCESSOR_DEFINITIONS = (
					"DEBUG=1",
					"$(inherited)",
				);
				GCC_WARN_64_TO_32_BIT_CONVERSION = YES;
				GCC_WARN_ABOUT_RETURN_TYPE = YES_ERROR;
				GCC_WARN_UNDECLARED_SELECTOR = YES;
				GCC_WARN_UNINITIALIZED_AUTOS = YES_AGGRESSIVE;
				GCC_WARN_UNUSED_FUNCTION = YES;
				GCC_WARN_UNUSED_VARIABLE = YES;
				IPHONEOS_DEPLOYMENT_TARGET = 17.5;
				LOCALIZATION_PREFERS_STRING_CATALOGS = YES;
				MTL_ENABLE_DEBUG_INFO = INCLUDE_SOURCE;
				MTL_FAST_MATH = YES;
				ONLY_ACTIVE_ARCH = YES;
				SDKROOT = iphoneos;
				SWIFT_ACTIVE_COMPILATION_CONDITIONS = "DEBUG $(inherited)";
				SWIFT_OPTIMIZATION_LEVEL = "-Onone";
			};
			name = Debug;
		};
		CE1383D82D2E6751007B475E /* Release */ = {
			isa = XCBuildConfiguration;
			buildSettings = {
				ALWAYS_SEARCH_USER_PATHS = NO;
				ASSETCATALOG_COMPILER_GENERATE_SWIFT_ASSET_SYMBOL_EXTENSIONS = YES;
				CLANG_ANALYZER_NONNULL = YES;
				CLANG_ANALYZER_NUMBER_OBJECT_CONVERSION = YES_AGGRESSIVE;
				CLANG_CXX_LANGUAGE_STANDARD = "gnu++20";
				CLANG_ENABLE_MODULES = YES;
				CLANG_ENABLE_OBJC_ARC = YES;
				CLANG_ENABLE_OBJC_WEAK = YES;
				CLANG_WARN_BLOCK_CAPTURE_AUTORELEASING = YES;
				CLANG_WARN_BOOL_CONVERSION = YES;
				CLANG_WARN_COMMA = YES;
				CLANG_WARN_CONSTANT_CONVERSION = YES;
				CLANG_WARN_DEPRECATED_OBJC_IMPLEMENTATIONS = YES;
				CLANG_WARN_DIRECT_OBJC_ISA_USAGE = YES_ERROR;
				CLANG_WARN_DOCUMENTATION_COMMENTS = YES;
				CLANG_WARN_EMPTY_BODY = YES;
				CLANG_WARN_ENUM_CONVERSION = YES;
				CLANG_WARN_INFINITE_RECURSION = YES;
				CLANG_WARN_INT_CONVERSION = YES;
				CLANG_WARN_NON_LITERAL_NULL_CONVERSION = YES;
				CLANG_WARN_OBJC_IMPLICIT_RETAIN_SELF = YES;
				CLANG_WARN_OBJC_LITERAL_CONVERSION = YES;
				CLANG_WARN_OBJC_ROOT_CLASS = YES_ERROR;
				CLANG_WARN_QUOTED_INCLUDE_IN_FRAMEWORK_HEADER = YES;
				CLANG_WARN_RANGE_LOOP_ANALYSIS = YES;
				CLANG_WARN_STRICT_PROTOTYPES = YES;
				CLANG_WARN_SUSPICIOUS_MOVE = YES;
				CLANG_WARN_UNGUARDED_AVAILABILITY = YES_AGGRESSIVE;
				CLANG_WARN_UNREACHABLE_CODE = YES;
				CLANG_WARN__DUPLICATE_METHOD_MATCH = YES;
				COPY_PHASE_STRIP = NO;
				DEBUG_INFORMATION_FORMAT = "dwarf-with-dsym";
				ENABLE_NS_ASSERTIONS = NO;
				ENABLE_STRICT_OBJC_MSGSEND = YES;
				ENABLE_USER_SCRIPT_SANDBOXING = YES;
				GCC_C_LANGUAGE_STANDARD = gnu17;
				GCC_NO_COMMON_BLOCKS = YES;
				GCC_WARN_64_TO_32_BIT_CONVERSION = YES;
				GCC_WARN_ABOUT_RETURN_TYPE = YES_ERROR;
				GCC_WARN_UNDECLARED_SELECTOR = YES;
				GCC_WARN_UNINITIALIZED_AUTOS = YES_AGGRESSIVE;
				GCC_WARN_UNUSED_FUNCTION = YES;
				GCC_WARN_UNUSED_VARIABLE = YES;
				IPHONEOS_DEPLOYMENT_TARGET = 17.5;
				LOCALIZATION_PREFERS_STRING_CATALOGS = YES;
				MTL_ENABLE_DEBUG_INFO = NO;
				MTL_FAST_MATH = YES;
				SDKROOT = iphoneos;
				SWIFT_COMPILATION_MODE = wholemodule;
				VALIDATE_PRODUCT = YES;
			};
			name = Release;
		};
		CE1383DA2D2E6751007B475E /* Debug */ = {
			isa = XCBuildConfiguration;
			buildSettings = {
				ASSETCATALOG_COMPILER_APPICON_NAME = AppIcon;
				ASSETCATALOG_COMPILER_GLOBAL_ACCENT_COLOR_NAME = AccentColor;
				CODE_SIGN_STYLE = Automatic;
				CURRENT_PROJECT_VERSION = 1;
				DEVELOPMENT_ASSET_PATHS = "\"OfflineFiles/Preview Content\"";
				ENABLE_PREVIEWS = YES;
				GENERATE_INFOPLIST_FILE = YES;
				INFOPLIST_KEY_UIApplicationSceneManifest_Generation = YES;
				INFOPLIST_KEY_UIApplicationSupportsIndirectInputEvents = YES;
				INFOPLIST_KEY_UILaunchScreen_Generation = YES;
				INFOPLIST_KEY_UISupportedInterfaceOrientations_iPad = "UIInterfaceOrientationPortrait UIInterfaceOrientationPortraitUpsideDown UIInterfaceOrientationLandscapeLeft UIInterfaceOrientationLandscapeRight";
				INFOPLIST_KEY_UISupportedInterfaceOrientations_iPhone = "UIInterfaceOrientationPortrait UIInterfaceOrientationLandscapeLeft UIInterfaceOrientationLandscapeRight";
				LD_RUNPATH_SEARCH_PATHS = (
					"$(inherited)",
					"@executable_path/Frameworks",
				);
				MARKETING_VERSION = 1.0;
				PRODUCT_BUNDLE_IDENTIFIER = com.OfflineFiles;
				PRODUCT_NAME = "$(TARGET_NAME)";
				SWIFT_EMIT_LOC_STRINGS = YES;
				SWIFT_VERSION = 5.0;
				TARGETED_DEVICE_FAMILY = "1,2";
			};
			name = Debug;
		};
		CE1383DB2D2E6751007B475E /* Release */ = {
			isa = XCBuildConfiguration;
			buildSettings = {
				ASSETCATALOG_COMPILER_APPICON_NAME = AppIcon;
				ASSETCATALOG_COMPILER_GLOBAL_ACCENT_COLOR_NAME = AccentColor;
				CODE_SIGN_STYLE = Automatic;
				CURRENT_PROJECT_VERSION = 1;
				DEVELOPMENT_ASSET_PATHS = "\"OfflineFiles/Preview Content\"";
				ENABLE_PREVIEWS = YES;
				GENERATE_INFOPLIST_FILE = YES;
				INFOPLIST_KEY_UIApplicationSceneManifest_Generation = YES;
				INFOPLIST_KEY_UIApplicationSupportsIndirectInputEvents = YES;
				INFOPLIST_KEY_UILaunchScreen_Generation = YES;
				INFOPLIST_KEY_UISupportedInterfaceOrientations_iPad = "UIInterfaceOrientationPortrait UIInterfaceOrientationPortraitUpsideDown UIInterfaceOrientationLandscapeLeft UIInterfaceOrientationLandscapeRight";
				INFOPLIST_KEY_UISupportedInterfaceOrientations_iPhone = "UIInterfaceOrientationPortrait UIInterfaceOrientationLandscapeLeft UIInterfaceOrientationLandscapeRight";
				LD_RUNPATH_SEARCH_PATHS = (
					"$(inherited)",
					"@executable_path/Frameworks",
				);
				MARKETING_VERSION = 1.0;
				PRODUCT_BUNDLE_IDENTIFIER = com.OfflineFiles;
				PRODUCT_NAME = "$(TARGET_NAME)";
				SWIFT_EMIT_LOC_STRINGS = YES;
				SWIFT_VERSION = 5.0;
				TARGETED_DEVICE_FAMILY = "1,2";
			};
			name = Release;
		};
/* End XCBuildConfiguration section */

/* Begin XCConfigurationList section */
		CE1383C62D2E6751007B475E /* Build configuration list for PBXProject "OfflineFiles" */ = {
			isa = XCConfigurationList;
			buildConfigurations = (
				CE1383D72D2E6751007B475E /* Debug */,
				CE1383D82D2E6751007B475E /* Release */,
			);
			defaultConfigurationIsVisible = 0;
			defaultConfigurationName = Release;
		};
		CE1383D92D2E6751007B475E /* Build configuration list for PBXNativeTarget "OfflineFiles" */ = {
			isa = XCConfigurationList;
			buildConfigurations = (
				CE1383DA2D2E6751007B475E /* Debug */,
				CE1383DB2D2E6751007B475E /* Release */,
			);
			defaultConfigurationIsVisible = 0;
			defaultConfigurationName = Release;
		};
/* End XCConfigurationList section */

/* Begin XCVersionGroup section */
		CEC21A402D2F9AE900C17C54 /* CoreDataModel.xcdatamodeld */ = {
			isa = XCVersionGroup;
			children = (
				CEC21A412D2F9AE900C17C54 /* CoreDataModel.xcdatamodel */,
			);
			currentVersion = CEC21A412D2F9AE900C17C54 /* CoreDataModel.xcdatamodel */;
			name = CoreDataModel.xcdatamodeld;
			path = "/Users/abithrajakumaran/Documents/Zoho Task/OfflineFiles/OfflineFiles/CoreDataModel.xcdatamodeld";
			sourceTree = "<group>";
			versionGroupType = wrapper.xcdatamodel;
		};
/* End XCVersionGroup section */
	};
	rootObject = CE1383C32D2E6751007B475E /* Project object */;
}
